{
  "name": "mega-datetime-utils",
  "version": "1.0.0",
  "lockfileVersion": 3,
  "requires": true,
  "packages": {
    "": {
      "name": "mega-datetime-utils",
      "version": "1.0.0",
      "license": "MIT",
      "dependencies": {
        "logger-ultra": "^1.0.0"
      }
    },
    "node_modules/logger-ultra": {
      "version": "1.0.0",
      "resolved": "https://registry.npmjs.org/logger-ultra/-/logger-ultra-1.0.0.tgz",
      "integrity": "sha512-TdqQGqJmKeEupu9p11s37P6HIsgKrl2dRs2za4aXUEdeXrT+B7+CBGM8EuaJyG3c9aLwLKthD+a7FdVwTaiwvg=="
    }
  }
}
